# This file is automatically @generated by Cargo.
# It is not intended for manual editing.
version = 4

[[package]]
name = "planeter"
version = "0.0.0"
dependencies = [
 "planeter-auth",
 "planeter-ci",
 "planeter-core",
 "planeter-registry",
 "planeter-transport",
 "planeter-web",
]

[[package]]
name = "planeter-auth"
version = "0.0.0"
dependencies = [
 "planeter-store",
]

[[package]]
name = "planeter-boundary-check"
version = "0.0.0"

[[package]]
name = "planeter-ci"
version = "0.0.0"
dependencies = [
 "planeter-core",
]

[[package]]
name = "planeter-core"
version = "0.0.0"
dependencies = [
 "planeter-prikk",
 "planeter-store",
]

[[package]]
name = "planeter-prikk"
version = "0.0.0"

[[package]]
name = "planeter-registry"
version = "0.0.0"
dependencies = [
 "planeter-core",
]

[[package]]
name = "planeter-runner"
version = "0.0.0"

[[package]]
name = "planeter-store"
version = "0.0.0"

[[package]]
name = "planeter-transport"
version = "0.0.0"
dependencies = [
 "planeter-core",
]

[[package]]
name = "planeter-web"
version = "0.0.0"
dependencies = [
 "planeter-core",
]
